
Microsoft Visual Studio Solution File, Format Version 12.00
# Visual Studio Version 17
VisualStudioVersion = 17.7.34202.233
MinimumVisualStudioVersion = 10.0.40219.1
Project("{FAE04EC0-301F-11D3-BF4B-00C04F79EFBC}") = "SoftwareEngineering", "SoftwareEngineering\SoftwareEngineering.csproj", "{D4056D68-9DCC-49E8-A80E-B374189DE988}"
EndProject
Global
	GlobalSection(SolutionConfigurationPlatforms) = preSolution
		Debug|Any CPU = Debug|Any CPU
		Release|Any CPU = Release|Any CPU
	EndGlobalSection
	GlobalSection(ProjectConfigurationPlatforms) = postSolution
		{D4056D68-9DCC-49E8-A80E-B374189DE988}.Debug|Any CPU.ActiveCfg = Debug|Any CPU
		{D4056D68-9DCC-49E8-A80E-B374189DE988}.Debug|Any CPU.Build.0 = Debug|Any CPU
		{D4056D68-9DCC-49E8-A80E-B374189DE988}.Release|Any CPU.ActiveCfg = Release|Any CPU
		{D4056D68-9DCC-49E8-A80E-B374189DE988}.Release|Any CPU.Build.0 = Release|Any CPU
	EndGlobalSection
	GlobalSection(SolutionProperties) = preSolution
		HideSolutionNode = FALSE
	EndGlobalSection
	GlobalSection(ExtensibilityGlobals) = postSolution
		SolutionGuid = {447C7171-29CC-463C-8CE2-ED892E9668AB}
	EndGlobalSection
EndGlobal
